# THIS IS AN AUTOGENERATED FILE. DO NOT EDIT THIS FILE DIRECTLY.
# yarn lockfile v1


nan@^2.14.0:
  version "2.14.1"
  resolved "https://registry.yarnpkg.com/nan/-/nan-2.14.1.tgz#d7be34dfa3105b91494c3147089315eff8874b01"
  integrity sha512-isWHgVjnFjh2x2yuJ/tj3JbwoHu3UC2dX5G/88Cm24yB6YopVgxvBObDY7n5xW6ExmFhJpSEQqFPvq9zaXc8Jw==

tree-sitter-cli@^0.20.1:
  version "0.20.1"
  resolved "https://registry.yarnpkg.com/tree-sitter-cli/-/tree-sitter-cli-0.20.1.tgz#9c6f1c79fd87d2a73a232dbceae673240741d785"
  integrity sha512-I0Gp4ThRp39TDnBAaZKiogvoE85MSeL6/ILZMXbzeEo8hUsudpVhEHRE4CU+Bk5QUaiMiDkD+ZIL3gT2zZ++wg==
